
Microsoft Visual Studio Solution File, Format Version 12.00
# Visual Studio 14
VisualStudioVersion = 14.0.25420.1
MinimumVisualStudioVersion = 10.0.40219.1
Project("{FAE04EC0-301F-11D3-BF4B-00C04F79EFBC}") = "DoorsEngineEditor", "DoorsEngineEditor\DoorsEngineEditor.csproj", "{82CF5457-A233-4B60-A2E8-3CFB293FF16B}"
EndProject
Project("{8BC9CEB8-8B4A-11D0-8D11-00A0C91BC942}") = "DX11Framework", "DX11Framework\DX11Framework.vcxproj", "{6E94B2F7-7998-4672-9E62-C892CBE6E369}"
EndProject
Project("{8BC9CEB8-8B4A-11D0-8D11-00A0C91BC942}") = "ModelConverterDLL", "..\ModelConverterDLL\ModelConverterDLL\ModelConverterDLL.vcxproj", "{9A48F334-B5FC-4FCD-B691-36029BD15587}"
EndProject
Global
	GlobalSection(SolutionConfigurationPlatforms) = preSolution
		Debug|Any CPU = Debug|Any CPU
		Debug|x64 = Debug|x64
		Debug|x86 = Debug|x86
		Release|Any CPU = Release|Any CPU
		Release|x64 = Release|x64
		Release|x86 = Release|x86
	EndGlobalSection
	GlobalSection(ProjectConfigurationPlatforms) = postSolution
		{6E94B2F7-7998-4672-9E62-C892CBE6E369}.Debug|Any CPU.ActiveCfg = Debug|Win32
		{6E94B2F7-7998-4672-9E62-C892CBE6E369}.Debug|x64.ActiveCfg = Debug|x64
		{6E94B2F7-7998-4672-9E62-C892CBE6E369}.Debug|x64.Build.0 = Debug|x64
		{6E94B2F7-7998-4672-9E62-C892CBE6E369}.Debug|x86.ActiveCfg = Debug|Win32
		{6E94B2F7-7998-4672-9E62-C892CBE6E369}.Debug|x86.Build.0 = Debug|Win32
		{6E94B2F7-7998-4672-9E62-C892CBE6E369}.Release|Any CPU.ActiveCfg = Release|Win32
		{6E94B2F7-7998-4672-9E62-C892CBE6E369}.Release|x64.ActiveCfg = Release|x64
		{6E94B2F7-7998-4672-9E62-C892CBE6E369}.Release|x64.Build.0 = Release|x64
		{6E94B2F7-7998-4672-9E62-C892CBE6E369}.Release|x86.ActiveCfg = Release|Win32
		{6E94B2F7-7998-4672-9E62-C892CBE6E369}.Release|x86.Build.0 = Release|Win32
		{9A48F334-B5FC-4FCD-B691-36029BD15587}.Debug|Any CPU.ActiveCfg = Debug|Win32
		{9A48F334-B5FC-4FCD-B691-36029BD15587}.Debug|x64.ActiveCfg = Debug|x64
		{9A48F334-B5FC-4FCD-B691-36029BD15587}.Debug|x64.Build.0 = Debug|x64
		{9A48F334-B5FC-4FCD-B691-36029BD15587}.Debug|x86.ActiveCfg = Debug|Win32
		{9A48F334-B5FC-4FCD-B691-36029BD15587}.Debug|x86.Build.0 = Debug|Win32
		{9A48F334-B5FC-4FCD-B691-36029BD15587}.Release|Any CPU.ActiveCfg = Release|Win32
		{9A48F334-B5FC-4FCD-B691-36029BD15587}.Release|x64.ActiveCfg = Release|x64
		{9A48F334-B5FC-4FCD-B691-36029BD15587}.Release|x64.Build.0 = Release|x64
		{9A48F334-B5FC-4FCD-B691-36029BD15587}.Release|x86.ActiveCfg = Release|Win32
		{9A48F334-B5FC-4FCD-B691-36029BD15587}.Release|x86.Build.0 = Release|Win32
		{82CF5457-A233-4B60-A2E8-3CFB293FF16B}.Debug|Any CPU.ActiveCfg = Debug|Any CPU
		{82CF5457-A233-4B60-A2E8-3CFB293FF16B}.Debug|Any CPU.Build.0 = Debug|Any CPU
		{82CF5457-A233-4B60-A2E8-3CFB293FF16B}.Debug|x64.ActiveCfg = Debug|Any CPU
		{82CF5457-A233-4B60-A2E8-3CFB293FF16B}.Debug|x64.Build.0 = Debug|Any CPU
		{82CF5457-A233-4B60-A2E8-3CFB293FF16B}.Debug|x86.ActiveCfg = Debug|Any CPU
		{82CF5457-A233-4B60-A2E8-3CFB293FF16B}.Debug|x86.Build.0 = Debug|Any CPU
		{82CF5457-A233-4B60-A2E8-3CFB293FF16B}.Release|Any CPU.ActiveCfg = Release|Any CPU
		{82CF5457-A233-4B60-A2E8-3CFB293FF16B}.Release|Any CPU.Build.0 = Release|Any CPU
		{82CF5457-A233-4B60-A2E8-3CFB293FF16B}.Release|x64.ActiveCfg = Release|Any CPU
		{82CF5457-A233-4B60-A2E8-3CFB293FF16B}.Release|x64.Build.0 = Release|Any CPU
		{82CF5457-A233-4B60-A2E8-3CFB293FF16B}.Release|x86.ActiveCfg = Release|Any CPU
		{82CF5457-A233-4B60-A2E8-3CFB293FF16B}.Release|x86.Build.0 = Release|Any CPU
	EndGlobalSection
	GlobalSection(SolutionProperties) = preSolution
		HideSolutionNode = FALSE
	EndGlobalSection
EndGlobal
