<?xml version="1.0" encoding="utf-8"?>
<Project ToolsVersion="4.0" xmlns="http://schemas.microsoft.com/developer/msbuild/2003">
  <ItemGroup>
    <Filter Include="Source Files">
      <UniqueIdentifier>{4FC737F1-C7A5-4376-A066-2A32D752A2FF}</UniqueIdentifier>
      <Extensions>cpp;c;cc;cxx;def;odl;idl;hpj;bat;asm;asmx</Extensions>
    </Filter>
    <Filter Include="Header Files">
      <UniqueIdentifier>{93995380-89BD-4b04-88EB-625FBE52EBFB}</UniqueIdentifier>
      <Extensions>h;hh;hpp;hxx;hm;inl;inc;xsd</Extensions>
    </Filter>
    <Filter Include="Resource Files">
      <UniqueIdentifier>{67DA6AB6-F800-4c08-8B7A-83BB121AAD01}</UniqueIdentifier>
      <Extensions>rc;ico;cur;bmp;dlg;rc2;rct;bin;rgs;gif;jpg;jpeg;jpe;resx;tiff;tif;png;wav;mfcribbon-ms</Extensions>
    </Filter>
    <Filter Include="Header Files\2D">
      <UniqueIdentifier>{66f2614c-2408-4aaf-bcbc-2e57ef3af638}</UniqueIdentifier>
    </Filter>
    <Filter Include="Source Files\2D">
      <UniqueIdentifier>{aa79a6b8-39da-4a5b-83df-b6775180176f}</UniqueIdentifier>
    </Filter>
    <Filter Include="Header Files\Text">
      <UniqueIdentifier>{81d77514-d2a3-4709-8d0a-7a9f4be6d965}</UniqueIdentifier>
    </Filter>
    <Filter Include="Source Files\Text">
      <UniqueIdentifier>{157b3ba5-37fe-4b36-8b16-9ebe5f9d3ada}</UniqueIdentifier>
    </Filter>
    <Filter Include="Header Files\ShaderClass">
      <UniqueIdentifier>{8d3d5978-d844-4838-a22b-e90b4c11cfdb}</UniqueIdentifier>
    </Filter>
    <Filter Include="Source Files\ShaderClass">
      <UniqueIdentifier>{be727ee5-1b58-4f88-86bd-82ac15ca4785}</UniqueIdentifier>
    </Filter>
    <Filter Include="Header Files\Input">
      <UniqueIdentifier>{bff1ec31-c993-482b-bd80-e20b1c0259ab}</UniqueIdentifier>
    </Filter>
    <Filter Include="Source Files\Input">
      <UniqueIdentifier>{7ca15f4e-6f21-4a57-8dcc-5b8b9753211d}</UniqueIdentifier>
    </Filter>
    <Filter Include="Header Files\Animation">
      <UniqueIdentifier>{98796f1d-511d-41b4-8b14-368c59a24275}</UniqueIdentifier>
    </Filter>
    <Filter Include="Header Files\Animation\2D">
      <UniqueIdentifier>{7ceb965f-22f9-4859-b7e4-9d72afa7f5e2}</UniqueIdentifier>
    </Filter>
    <Filter Include="Source Files\Animation">
      <UniqueIdentifier>{f9938eec-e91d-45e1-8870-64eb8b057690}</UniqueIdentifier>
    </Filter>
    <Filter Include="Source Files\Animation\2D">
      <UniqueIdentifier>{bfb59b91-b694-4b95-bb7d-9346cbe987d7}</UniqueIdentifier>
    </Filter>
    <Filter Include="Header Files\Timers">
      <UniqueIdentifier>{f10139b9-477c-446c-b0de-885f3612083e}</UniqueIdentifier>
    </Filter>
    <Filter Include="Source Files\Timers">
      <UniqueIdentifier>{63305a05-3b36-4b43-a96a-75530747019b}</UniqueIdentifier>
    </Filter>
    <Filter Include="Source Files\Render">
      <UniqueIdentifier>{c3c22149-5909-411e-923a-ea159c4a9a2f}</UniqueIdentifier>
    </Filter>
    <Filter Include="Source Files\Model">
      <UniqueIdentifier>{544de5c7-6401-42e5-8b87-8a657ed96f89}</UniqueIdentifier>
    </Filter>
    <Filter Include="Source Files\shaders">
      <UniqueIdentifier>{4d174a80-4d28-4d68-88fd-23a6d50ea80b}</UniqueIdentifier>
    </Filter>
    <Filter Include="Header Files\Model">
      <UniqueIdentifier>{5a7e0ce2-5c7e-41b3-a660-fd14a9828793}</UniqueIdentifier>
    </Filter>
    <Filter Include="Header Files\Render">
      <UniqueIdentifier>{ced54ae6-b0a3-418c-9bb0-9b3f8e8d1a25}</UniqueIdentifier>
    </Filter>
    <Filter Include="Header Files\Camera">
      <UniqueIdentifier>{1cecf186-6e54-494c-802b-ac2b2026c2ba}</UniqueIdentifier>
    </Filter>
    <Filter Include="Source Files\Camera">
      <UniqueIdentifier>{89bc1f21-f1bc-4bad-a5bf-b128b2fe214b}</UniqueIdentifier>
    </Filter>
    <Filter Include="Source Files\Mouse">
      <UniqueIdentifier>{4b2ef64b-2ccd-4156-bdb7-8f2d0928089b}</UniqueIdentifier>
    </Filter>
    <Filter Include="Header Files\Mouse">
      <UniqueIdentifier>{e674a8bd-a1ea-48c0-9357-1fcef4feaa61}</UniqueIdentifier>
    </Filter>
    <Filter Include="Header Files\Window">
      <UniqueIdentifier>{662bfcbc-fc77-4b2f-a493-11468fa52c05}</UniqueIdentifier>
    </Filter>
    <Filter Include="Source Files\Window">
      <UniqueIdentifier>{c5ce88d0-498d-4637-8bcc-af84c05c707d}</UniqueIdentifier>
    </Filter>
    <Filter Include="Source Files\Engine">
      <UniqueIdentifier>{8b98f675-1152-4c50-9afb-cecf3c469747}</UniqueIdentifier>
    </Filter>
    <Filter Include="Header Files\Engine">
      <UniqueIdentifier>{23755009-4a5d-4208-810a-f8f2b7a66e6e}</UniqueIdentifier>
    </Filter>
    <Filter Include="Source Files\Keyboard">
      <UniqueIdentifier>{f1ea658a-0ad3-4ea1-ba45-fab3544bd416}</UniqueIdentifier>
    </Filter>
    <Filter Include="Header Files\Keyboard">
      <UniqueIdentifier>{1a38411a-b2eb-4096-b01f-94467b3730b0}</UniqueIdentifier>
    </Filter>
    <Filter Include="Header Files\Sound">
      <UniqueIdentifier>{65ad2ebe-66ae-4dea-88ff-ed9edc670f41}</UniqueIdentifier>
    </Filter>
    <Filter Include="Source Files\Sound">
      <UniqueIdentifier>{8ad53869-2253-4e35-b91b-92810b450fcf}</UniqueIdentifier>
    </Filter>
  </ItemGroup>
  <ItemGroup>
    <ClCompile Include="main.cpp">
      <Filter>Source Files\Engine</Filter>
    </ClCompile>
    <ClCompile Include="Mouse\MouseClass.cpp">
      <Filter>Source Files\Mouse</Filter>
    </ClCompile>
    <ClCompile Include="Mouse\MouseEvent.cpp">
      <Filter>Source Files\Mouse</Filter>
    </ClCompile>
    <ClCompile Include="Window\RenderWindow.cpp">
      <Filter>Source Files\Window</Filter>
    </ClCompile>
    <ClCompile Include="Window\window.cpp">
      <Filter>Source Files\Window</Filter>
    </ClCompile>
    <ClCompile Include="Window\WindowContainer.cpp">
      <Filter>Source Files\Window</Filter>
    </ClCompile>
    <ClCompile Include="Input\inputmanager.cpp">
      <Filter>Source Files\Input</Filter>
    </ClCompile>
    <ClCompile Include="Engine\log.cpp">
      <Filter>Source Files\Engine</Filter>
    </ClCompile>
    <ClCompile Include="Engine\Engine.cpp">
      <Filter>Source Files\Engine</Filter>
    </ClCompile>
    <ClCompile Include="Timers\cpuclass.cpp">
      <Filter>Source Files\Timers</Filter>
    </ClCompile>
    <ClCompile Include="Camera\cameraclass.cpp">
      <Filter>Source Files\Camera</Filter>
    </ClCompile>
    <ClCompile Include="2D\character2d.cpp">
      <Filter>Source Files\2D</Filter>
    </ClCompile>
    <ClCompile Include="2D\animation2dmoving.cpp">
      <Filter>Source Files\Animation\2D</Filter>
    </ClCompile>
    <ClCompile Include="Input\inputclass.cpp">
      <Filter>Source Files\Input</Filter>
    </ClCompile>
    <ClCompile Include="UI\Text\fontclass.cpp">
      <Filter>Source Files\Text</Filter>
    </ClCompile>
    <ClCompile Include="Render\frustumclass.cpp">
      <Filter>Source Files\Render</Filter>
    </ClCompile>
    <ClCompile Include="Render\graphicsclass.cpp">
      <Filter>Source Files\Render</Filter>
    </ClCompile>
    <ClCompile Include="Engine\AdapterReader.cpp">
      <Filter>Source Files\Engine</Filter>
    </ClCompile>
    <ClCompile Include="Render\d3dclass.cpp">
      <Filter>Source Files\Render</Filter>
    </ClCompile>
    <ClCompile Include="Keyboard\KeyboardClass.cpp">
      <Filter>Source Files\Keyboard</Filter>
    </ClCompile>
    <ClCompile Include="Keyboard\KeyboardEvent.cpp">
      <Filter>Source Files\Keyboard</Filter>
    </ClCompile>
    <ClCompile Include="Engine\SystemState.cpp">
      <Filter>Source Files\Engine</Filter>
    </ClCompile>
    <ClCompile Include="Camera\EditorCamera.cpp">
      <Filter>Source Files\Camera</Filter>
    </ClCompile>
    <ClCompile Include="Render\RenderGraphics.cpp">
      <Filter>Source Files\Render</Filter>
    </ClCompile>
    <ClCompile Include="Render\InitializeGraphics.cpp">
      <Filter>Source Files\Render</Filter>
    </ClCompile>
    <ClCompile Include="Timers\timer.cpp">
      <Filter>Source Files\Timers</Filter>
    </ClCompile>
    <ClCompile Include="Engine\Settings.cpp">
      <Filter>Source Files\Engine</Filter>
    </ClCompile>
    <ClCompile Include="Sound\SoundClass.cpp">
      <Filter>Source Files\Sound</Filter>
    </ClCompile>
    <ClCompile Include="Model\TerrainClass.cpp">
      <Filter>Source Files\Model</Filter>
    </ClCompile>
    <ClCompile Include="Model\SkyDomeClass.cpp">
      <Filter>Source Files\Model</Filter>
    </ClCompile>
    <ClCompile Include="Model\Plane.cpp">
      <Filter>Source Files\Model</Filter>
    </ClCompile>
    <ClCompile Include="Render\ZoneClass.cpp">
      <Filter>Source Files\Render</Filter>
    </ClCompile>
    <ClCompile Include="Model\TerrainCellClass.cpp">
      <Filter>Source Files</Filter>
    </ClCompile>
    <ClCompile Include="UI\UserInterfaceClass.cpp">
      <Filter>Source Files</Filter>
    </ClCompile>
    <ClCompile Include="Model\SkyPlaneClass.cpp">
      <Filter>Source Files</Filter>
    </ClCompile>
    <ClCompile Include="Model\TerrainCellLineBoxClass.cpp">
      <Filter>Source Files</Filter>
    </ClCompile>
    <ClCompile Include="Engine\UtilsForDLL.cpp">
      <Filter>Source Files</Filter>
    </ClCompile>
    <ClCompile Include="2D\SpriteClass.cpp">
      <Filter>Source Files</Filter>
    </ClCompile>
    <ClCompile Include="Render\RenderToTextureClass.cpp">
      <Filter>Source Files</Filter>
    </ClCompile>
    <ClCompile Include="Model\GameObject.cpp">
      <Filter>Source Files</Filter>
    </ClCompile>
    <ClCompile Include="Physics\IntersectionWithGameObjects.cpp">
      <Filter>Source Files</Filter>
    </ClCompile>
    <ClCompile Include="Render\Color.cpp">
      <Filter>Source Files</Filter>
    </ClCompile>
    <ClCompile Include="Engine\StringHelper.cpp">
      <Filter>Source Files\Engine</Filter>
    </ClCompile>
    <ClCompile Include="ImageReaders\PNG_ImageReader.cpp">
      <Filter>Source Files</Filter>
    </ClCompile>
    <ClCompile Include="ImageReaders\TARGA_ImageReader.cpp">
      <Filter>Source Files</Filter>
    </ClCompile>
    <ClCompile Include="ImageReaders\DDS_ImageReader.cpp">
      <Filter>Source Files</Filter>
    </ClCompile>
    <ClCompile Include="ImageReaders\ImageReader.cpp">
      <Filter>Source Files</Filter>
    </ClCompile>
    <ClCompile Include="ImageReaders\WICTextureLoader11.cpp">
      <Filter>Source Files</Filter>
    </ClCompile>
    <ClCompile Include="GameObjects\IndexBuffer.cpp">
      <Filter>Source Files\Model</Filter>
    </ClCompile>
    <ClCompile Include="GameObjects\textureclass.cpp">
      <Filter>Source Files\Model</Filter>
    </ClCompile>
    <ClCompile Include="GameObjects\TextureManagerClass.cpp">
      <Filter>Source Files</Filter>
    </ClCompile>
    <ClCompile Include="GameObjects\EntityStore.cpp">
      <Filter>Source Files</Filter>
    </ClCompile>
    <ClCompile Include="GameObjects\ModelLoader.cpp">
      <Filter>Source Files</Filter>
    </ClCompile>
    <ClCompile Include="GameObjects\ModelMath.cpp">
      <Filter>Source Files\Model</Filter>
    </ClCompile>
    <ClCompile Include="UI\Text\TextStore.cpp">
      <Filter>Source Files\Text</Filter>
    </ClCompile>
    <ClCompile Include="GameObjects\ModelsCreator.cpp">
      <Filter>Source Files</Filter>
    </ClCompile>
    <ClCompile Include="ImageReaders\BMP_Image.cpp">
      <Filter>Source Files</Filter>
    </ClCompile>
    <ClCompile Include="Timers\GameTimer.cpp">
      <Filter>Source Files\Timers</Filter>
    </ClCompile>
    <ClCompile Include="Engine\EngineException.cpp">
      <Filter>Source Files</Filter>
    </ClCompile>
    <ClCompile Include="EffectsAndShaders\colorshaderclass.cpp">
      <Filter>Source Files\ShaderClass</Filter>
    </ClCompile>
    <ClCompile Include="EffectsAndShaders\fontshaderclass.cpp">
      <Filter>Source Files\ShaderClass</Filter>
    </ClCompile>
    <ClCompile Include="EffectsAndShaders\PixelShader.cpp">
      <Filter>Source Files\ShaderClass</Filter>
    </ClCompile>
    <ClCompile Include="EffectsAndShaders\SamplerState.cpp">
      <Filter>Source Files\ShaderClass</Filter>
    </ClCompile>
    <ClCompile Include="EffectsAndShaders\shaderclass.cpp">
      <Filter>Source Files\ShaderClass</Filter>
    </ClCompile>
    <ClCompile Include="EffectsAndShaders\SkyDomeShaderClass.cpp">
      <Filter>Source Files\ShaderClass</Filter>
    </ClCompile>
    <ClCompile Include="EffectsAndShaders\SkyPlaneShaderClass.cpp">
      <Filter>Source Files</Filter>
    </ClCompile>
    <ClCompile Include="EffectsAndShaders\SpriteShaderClass.cpp">
      <Filter>Source Files</Filter>
    </ClCompile>
    <ClCompile Include="EffectsAndShaders\TerrainShaderClass.cpp">
      <Filter>Source Files\ShaderClass</Filter>
    </ClCompile>
    <ClCompile Include="EffectsAndShaders\textureshaderclass.cpp">
      <Filter>Source Files\ShaderClass</Filter>
    </ClCompile>
    <ClCompile Include="EffectsAndShaders\VertexShader.cpp">
      <Filter>Source Files\ShaderClass</Filter>
    </ClCompile>
    <ClCompile Include="GameObjects\GeometryGenerator.cpp">
      <Filter>Source Files</Filter>
    </ClCompile>
    <ClCompile Include="GameObjects\TerrainInitializer.cpp">
      <Filter>Source Files</Filter>
    </ClCompile>
    <ClCompile Include="Common\MathHelper.cpp">
      <Filter>Source Files</Filter>
    </ClCompile>
    <ClCompile Include="GameObjects\ChunkHelper.cpp">
      <Filter>Source Files</Filter>
    </ClCompile>
    <ClCompile Include="Light\LightStore.cpp">
      <Filter>Source Files\Render</Filter>
    </ClCompile>
    <ClCompile Include="EffectsAndShaders\LightShaderClass.cpp">
      <Filter>Source Files\ShaderClass</Filter>
    </ClCompile>
    <ClCompile Include="GameObjects\Waves.cpp">
      <Filter>Source Files</Filter>
    </ClCompile>
    <ClCompile Include="GameObjects\Vertex.cpp">
      <Filter>Source Files</Filter>
    </ClCompile>
    <ClCompile Include="ImageReaders\DDSTextureLoader11.cpp">
      <Filter>Source Files</Filter>
    </ClCompile>
    <ClCompile Include="Animation\TextureAtlasAnimation.cpp">
      <Filter>Source Files</Filter>
    </ClCompile>
    <ClCompile Include="GameObjects\MeshStorage.cpp">
      <Filter>Source Files</Filter>
    </ClCompile>
    <ClCompile Include="imgui\backends\imgui_impl_dx11.cpp">
      <Filter>Source Files</Filter>
    </ClCompile>
    <ClCompile Include="imgui\backends\imgui_impl_win32.cpp">
      <Filter>Source Files</Filter>
    </ClCompile>
    <ClCompile Include="imgui\misc\cpp\imgui_stdlib.cpp">
      <Filter>Source Files</Filter>
    </ClCompile>
    <ClCompile Include="imgui\imgui.cpp">
      <Filter>Source Files</Filter>
    </ClCompile>
    <ClCompile Include="imgui\imgui_demo.cpp">
      <Filter>Source Files</Filter>
    </ClCompile>
    <ClCompile Include="imgui\imgui_draw.cpp">
      <Filter>Source Files</Filter>
    </ClCompile>
    <ClCompile Include="imgui\imgui_tables.cpp">
      <Filter>Source Files</Filter>
    </ClCompile>
    <ClCompile Include="imgui\imgui_widgets.cpp">
      <Filter>Source Files</Filter>
    </ClCompile>
    <ClCompile Include="UI\UI_Windows\EntityCreationWindow.cpp">
      <Filter>Source Files</Filter>
    </ClCompile>
    <ClCompile Include="Tests\ECS_Tests\Unit\ECS_Main_Unit_Test.cpp">
      <Filter>Source Files</Filter>
    </ClCompile>
    <ClCompile Include="Tests\ECS_Tests\Unit\ECS_Test_Components.cpp">
      <Filter>Source Files</Filter>
    </ClCompile>
  </ItemGroup>
  <ItemGroup>
    <ClInclude Include="Mouse\MouseClass.h">
      <Filter>Header Files\Mouse</Filter>
    </ClInclude>
    <ClInclude Include="Mouse\MouseEvent.h">
      <Filter>Header Files\Mouse</Filter>
    </ClInclude>
    <ClInclude Include="Window\RenderWindow.h">
      <Filter>Header Files\Window</Filter>
    </ClInclude>
    <ClInclude Include="Window\window.h">
      <Filter>Header Files\Window</Filter>
    </ClInclude>
    <ClInclude Include="Window\WindowContainer.h">
      <Filter>Header Files\Window</Filter>
    </ClInclude>
    <ClInclude Include="Input\inputmanager.h">
      <Filter>Header Files\Input</Filter>
    </ClInclude>
    <ClInclude Include="Input\inputlistener.h">
      <Filter>Header Files\Input</Filter>
    </ClInclude>
    <ClInclude Include="Input\inputcodes.h">
      <Filter>Header Files\Input</Filter>
    </ClInclude>
    <ClInclude Include="Engine\macros.h">
      <Filter>Header Files\Engine</Filter>
    </ClInclude>
    <ClInclude Include="Engine\Engine.h">
      <Filter>Header Files\Engine</Filter>
    </ClInclude>
    <ClInclude Include="Engine\log.h">
      <Filter>Header Files\Engine</Filter>
    </ClInclude>
    <ClInclude Include="Timers\cpuclass.h">
      <Filter>Header Files\Timers</Filter>
    </ClInclude>
    <ClInclude Include="Camera\cameraclass.h">
      <Filter>Header Files\Camera</Filter>
    </ClInclude>
    <ClInclude Include="2D\character2d.h">
      <Filter>Header Files\2D</Filter>
    </ClInclude>
    <ClInclude Include="2D\animation2dmoving.h">
      <Filter>Header Files\Animation\2D</Filter>
    </ClInclude>
    <ClInclude Include="Input\inputclass.h">
      <Filter>Header Files\Input</Filter>
    </ClInclude>
    <ClInclude Include="UI\Text\fontclass.h">
      <Filter>Header Files\Text</Filter>
    </ClInclude>
    <ClInclude Include="Render\frustumclass.h">
      <Filter>Header Files\Render</Filter>
    </ClInclude>
    <ClInclude Include="Render\graphicsclass.h">
      <Filter>Header Files\Render</Filter>
    </ClInclude>
    <ClInclude Include="Keyboard\KeyboardClass.h">
      <Filter>Header Files\Keyboard</Filter>
    </ClInclude>
    <ClInclude Include="Keyboard\KeyboardEvent.h">
      <Filter>Header Files\Keyboard</Filter>
    </ClInclude>
    <ClInclude Include="Engine\AdapterReader.h">
      <Filter>Header Files\Engine</Filter>
    </ClInclude>
    <ClInclude Include="Render\d3dclass.h">
      <Filter>Header Files\Render</Filter>
    </ClInclude>
    <ClInclude Include="Engine\SystemState.h">
      <Filter>Header Files\Engine</Filter>
    </ClInclude>
    <ClInclude Include="Camera\EditorCamera.h">
      <Filter>Header Files\Camera</Filter>
    </ClInclude>
    <ClInclude Include="Engine\Settings.h">
      <Filter>Header Files\Engine</Filter>
    </ClInclude>
    <ClInclude Include="Render\RenderGraphics.h">
      <Filter>Header Files\Render</Filter>
    </ClInclude>
    <ClInclude Include="Render\InitializeGraphics.h">
      <Filter>Header Files\Render</Filter>
    </ClInclude>
    <ClInclude Include="Timers\timer.h">
      <Filter>Header Files\Timers</Filter>
    </ClInclude>
    <ClInclude Include="Sound\SoundClass.h">
      <Filter>Header Files\Sound</Filter>
    </ClInclude>
    <ClInclude Include="Engine\EngineException.h">
      <Filter>Header Files\Engine</Filter>
    </ClInclude>
    <ClInclude Include="Model\Plane.h">
      <Filter>Header Files</Filter>
    </ClInclude>
    <ClInclude Include="Render\ZoneClass.h">
      <Filter>Header Files</Filter>
    </ClInclude>
    <ClInclude Include="Model\TerrainClass.h">
      <Filter>Header Files</Filter>
    </ClInclude>
    <ClInclude Include="Model\SkyDomeClass.h">
      <Filter>Header Files</Filter>
    </ClInclude>
    <ClInclude Include="Model\TerrainCellClass.h">
      <Filter>Header Files</Filter>
    </ClInclude>
    <ClInclude Include="UI\UserInterfaceClass.h">
      <Filter>Header Files</Filter>
    </ClInclude>
    <ClInclude Include="UI\Text\SentenceType.h">
      <Filter>Header Files</Filter>
    </ClInclude>
    <ClInclude Include="Model\SkyPlaneClass.h">
      <Filter>Header Files</Filter>
    </ClInclude>
    <ClInclude Include="Model\TerrainCellLineBoxClass.h">
      <Filter>Header Files</Filter>
    </ClInclude>
    <ClInclude Include="Engine\UtilsForDLL.h">
      <Filter>Header Files</Filter>
    </ClInclude>
    <ClInclude Include="2D\SpriteClass.h">
      <Filter>Header Files</Filter>
    </ClInclude>
    <ClInclude Include="Render\RenderToTextureClass.h">
      <Filter>Header Files</Filter>
    </ClInclude>
    <ClInclude Include="Model\GameObject.h">
      <Filter>Header Files</Filter>
    </ClInclude>
    <ClInclude Include="Physics\IntersectionWithGameObjects.h">
      <Filter>Header Files</Filter>
    </ClInclude>
    <ClInclude Include="Model\TerrainInitializerInterface.h">
      <Filter>Header Files</Filter>
    </ClInclude>
    <ClInclude Include="Render\Color.h">
      <Filter>Header Files</Filter>
    </ClInclude>
    <ClInclude Include="Engine\StringHelper.h">
      <Filter>Header Files\Engine</Filter>
    </ClInclude>
    <ClInclude Include="ImageReaders\PNG_ImageReader.h">
      <Filter>Header Files</Filter>
    </ClInclude>
    <ClInclude Include="ImageReaders\TARGA_ImageReader.h">
      <Filter>Header Files</Filter>
    </ClInclude>
    <ClInclude Include="ImageReaders\DDS_ImageReader.h">
      <Filter>Header Files</Filter>
    </ClInclude>
    <ClInclude Include="ImageReaders\ImageReader.h">
      <Filter>Header Files</Filter>
    </ClInclude>
    <ClInclude Include="ImageReaders\WICTextureLoader11.h">
      <Filter>Header Files</Filter>
    </ClInclude>
    <ClInclude Include="GameObjects\Vertex.h">
      <Filter>Header Files\Model</Filter>
    </ClInclude>
    <ClInclude Include="GameObjects\VertexBuffer.h">
      <Filter>Header Files\Model</Filter>
    </ClInclude>
    <ClInclude Include="GameObjects\IndexBuffer.h">
      <Filter>Header Files\Model</Filter>
    </ClInclude>
    <ClInclude Include="GameObjects\textureclass.h">
      <Filter>Header Files\Model</Filter>
    </ClInclude>
    <ClInclude Include="GameObjects\TextureManagerClass.h">
      <Filter>Header Files</Filter>
    </ClInclude>
    <ClInclude Include="GameObjects\EntityStore.h">
      <Filter>Header Files</Filter>
    </ClInclude>
    <ClInclude Include="GameObjects\ModelLoader.h">
      <Filter>Header Files</Filter>
    </ClInclude>
    <ClInclude Include="GameObjects\ModelMath.h">
      <Filter>Header Files</Filter>
    </ClInclude>
    <ClInclude Include="UI\Text\TextStore.h">
      <Filter>Header Files\Text</Filter>
    </ClInclude>
    <ClInclude Include="GameObjects\ModelsCreator.h">
      <Filter>Header Files</Filter>
    </ClInclude>
    <ClInclude Include="GameObjects\ModelsStoreUpdatingHelpers.h">
      <Filter>Header Files</Filter>
    </ClInclude>
    <ClInclude Include="GameObjects\ModelLoaderHelpers.h">
      <Filter>Header Files</Filter>
    </ClInclude>
    <ClInclude Include="ImageReaders\BMP_Image.h">
      <Filter>Header Files</Filter>
    </ClInclude>
    <ClInclude Include="Timers\GameTimer.h">
      <Filter>Header Files\Timers</Filter>
    </ClInclude>
    <ClInclude Include="Engine\EventHandler.h">
      <Filter>Header Files</Filter>
    </ClInclude>
    <ClInclude Include="Engine\EventListener.h">
      <Filter>Header Files</Filter>
    </ClInclude>
    <ClInclude Include="EffectsAndShaders\colorshaderclass.h">
      <Filter>Header Files\ShaderClass</Filter>
    </ClInclude>
    <ClInclude Include="EffectsAndShaders\ConstantBuffer.h">
      <Filter>Header Files\ShaderClass</Filter>
    </ClInclude>
    <ClInclude Include="EffectsAndShaders\ConstantBufferTypes.h">
      <Filter>Header Files\ShaderClass</Filter>
    </ClInclude>
    <ClInclude Include="EffectsAndShaders\fontshaderclass.h">
      <Filter>Header Files\ShaderClass</Filter>
    </ClInclude>
    <ClInclude Include="EffectsAndShaders\PixelShader.h">
      <Filter>Header Files\ShaderClass</Filter>
    </ClInclude>
    <ClInclude Include="EffectsAndShaders\SamplerState.h">
      <Filter>Header Files\ShaderClass</Filter>
    </ClInclude>
    <ClInclude Include="EffectsAndShaders\shaderclass.h">
      <Filter>Header Files\ShaderClass</Filter>
    </ClInclude>
    <ClInclude Include="EffectsAndShaders\ShadersContainer.h">
      <Filter>Header Files</Filter>
    </ClInclude>
    <ClInclude Include="EffectsAndShaders\SkyDomeShaderClass.h">
      <Filter>Header Files</Filter>
    </ClInclude>
    <ClInclude Include="EffectsAndShaders\SkyPlaneShaderClass.h">
      <Filter>Header Files</Filter>
    </ClInclude>
    <ClInclude Include="EffectsAndShaders\SpriteShaderClass.h">
      <Filter>Header Files</Filter>
    </ClInclude>
    <ClInclude Include="EffectsAndShaders\TerrainShaderClass.h">
      <Filter>Header Files</Filter>
    </ClInclude>
    <ClInclude Include="EffectsAndShaders\textureshaderclass.h">
      <Filter>Header Files\ShaderClass</Filter>
    </ClInclude>
    <ClInclude Include="EffectsAndShaders\VertexShader.h">
      <Filter>Header Files\ShaderClass</Filter>
    </ClInclude>
    <ClInclude Include="GameObjects\GeometryGenerator.h">
      <Filter>Header Files</Filter>
    </ClInclude>
    <ClInclude Include="GameObjects\TerrainInitializer.h">
      <Filter>Header Files</Filter>
    </ClInclude>
    <ClInclude Include="Common\MathHelper.h">
      <Filter>Header Files</Filter>
    </ClInclude>
    <ClInclude Include="GameObjects\ChunkHelper.h">
      <Filter>Header Files</Filter>
    </ClInclude>
    <ClInclude Include="Common\Convert.h">
      <Filter>Header Files</Filter>
    </ClInclude>
    <ClInclude Include="Light\LightStoreUpdateHelpers.h">
      <Filter>Header Files</Filter>
    </ClInclude>
    <ClInclude Include="Light\LightStore.h">
      <Filter>Header Files\Render</Filter>
    </ClInclude>
    <ClInclude Include="Light\LightHelper.h">
      <Filter>Header Files</Filter>
    </ClInclude>
    <ClInclude Include="EffectsAndShaders\LightShaderClass.h">
      <Filter>Header Files</Filter>
    </ClInclude>
    <ClInclude Include="Render\InitializeGraphicsHelper.h">
      <Filter>Header Files</Filter>
    </ClInclude>
    <ClInclude Include="GameObjects\Waves.h">
      <Filter>Header Files</Filter>
    </ClInclude>
    <ClInclude Include="UI\Text\TextStoreUpdateHelpers.h">
      <Filter>Header Files</Filter>
    </ClInclude>
    <ClInclude Include="ImageReaders\DDSTextureLoader11.h">
      <Filter>Header Files</Filter>
    </ClInclude>
    <ClInclude Include="Animation\TextureAtlasAnimation.h">
      <Filter>Header Files</Filter>
    </ClInclude>
    <ClInclude Include="ECS_Components\Transform.h">
      <Filter>Header Files</Filter>
    </ClInclude>
    <ClInclude Include="ECS_Components\Movement.h">
      <Filter>Header Files</Filter>
    </ClInclude>
    <ClInclude Include="ECS_System\TransformSystem.h">
      <Filter>Header Files</Filter>
    </ClInclude>
    <ClInclude Include="ECS_System\MoveSystem.h">
      <Filter>Header Files</Filter>
    </ClInclude>
    <ClInclude Include="ECS_Entity\EntityManager.h">
      <Filter>Header Files</Filter>
    </ClInclude>
    <ClInclude Include="ECS_Entity\ECS_Types.h">
      <Filter>Header Files</Filter>
    </ClInclude>
    <ClInclude Include="ECS_System\BaseSystem.h">
      <Filter>Header Files</Filter>
    </ClInclude>
    <ClInclude Include="ECS_Components\MeshComponent.h">
      <Filter>Header Files</Filter>
    </ClInclude>
    <ClInclude Include="GameObjects\MeshStorage.h">
      <Filter>Header Files</Filter>
    </ClInclude>
    <ClInclude Include="GameObjects\MeshHelperTypes.h">
      <Filter>Header Files</Filter>
    </ClInclude>
    <ClInclude Include="ECS_System\MeshSystem.h">
      <Filter>Header Files</Filter>
    </ClInclude>
    <ClInclude Include="ECS_Components\Rendered.h">
      <Filter>Header Files</Filter>
    </ClInclude>
    <ClInclude Include="ECS_System\RenderSystem.h">
      <Filter>Header Files</Filter>
    </ClInclude>
    <ClInclude Include="ECS_System\Helpers\MoveSystemUpdateHelpers.h">
      <Filter>Header Files</Filter>
    </ClInclude>
    <ClInclude Include="Render\InitGraphicsHelperDataTypes.h">
      <Filter>Header Files</Filter>
    </ClInclude>
    <ClInclude Include="imgui\imgui.h">
      <Filter>Header Files</Filter>
    </ClInclude>
    <ClInclude Include="imgui\backends\imgui_impl_dx11.h">
      <Filter>Header Files</Filter>
    </ClInclude>
    <ClInclude Include="imgui\backends\imgui_impl_win32.h">
      <Filter>Header Files</Filter>
    </ClInclude>
    <ClInclude Include="imgui\misc\cpp\imgui_stdlib.h">
      <Filter>Header Files</Filter>
    </ClInclude>
    <ClInclude Include="imgui\imconfig.h">
      <Filter>Header Files</Filter>
    </ClInclude>
    <ClInclude Include="imgui\imgui_internal.h">
      <Filter>Header Files</Filter>
    </ClInclude>
    <ClInclude Include="imgui\imstb_rectpack.h">
      <Filter>Header Files</Filter>
    </ClInclude>
    <ClInclude Include="imgui\imstb_textedit.h">
      <Filter>Header Files</Filter>
    </ClInclude>
    <ClInclude Include="imgui\imstb_truetype.h">
      <Filter>Header Files</Filter>
    </ClInclude>
    <ClInclude Include="UI\UI_Windows\EntityCreationWindow.h">
      <Filter>Header Files</Filter>
    </ClInclude>
    <ClInclude Include="GameObjects\TextureHelperTypes.h">
      <Filter>Header Files</Filter>
    </ClInclude>
    <ClInclude Include="GameObjects\RenderingShaderHelperTypes.h">
      <Filter>Header Files</Filter>
    </ClInclude>
    <ClInclude Include="ECS_Components\WorldMatrix.h">
      <Filter>Header Files</Filter>
    </ClInclude>
    <ClInclude Include="ECS_Entity\Utils.h">
      <Filter>Header Files</Filter>
    </ClInclude>
    <ClInclude Include="Tests\ECS_Tests\Unit\ECS_Main_Unit_Test.h">
      <Filter>Header Files</Filter>
    </ClInclude>
    <ClInclude Include="Tests\ECS_Tests\Unit\ECS_Test_Components.h">
      <Filter>Header Files</Filter>
    </ClInclude>
    <ClInclude Include="Tests\ECS_Tests\Unit\UnitTestUtils.h">
      <Filter>Header Files</Filter>
    </ClInclude>
  </ItemGroup>
  <ItemGroup>
    <None Include="shaders\texturePS.hlsl">
      <Filter>Source Files\shaders</Filter>
    </None>
    <None Include="shaders\textureVS.hlsl">
      <Filter>Source Files\shaders</Filter>
    </None>
    <None Include="ECS_Entity\EntityManagerInlineFunc.inl">
      <Filter>Header Files</Filter>
    </None>
  </ItemGroup>
  <ItemGroup>
    <Image Include="data\terrain\colormap03.bmp">
      <Filter>Resource Files</Filter>
    </Image>
    <Image Include="data\terrain\colormap04.bmp">
      <Filter>Resource Files</Filter>
    </Image>
    <Image Include="data\textures\seafloor.dds">
      <Filter>Source Files</Filter>
    </Image>
  </ItemGroup>
  <ItemGroup>
    <FxCompile Include="shaders\colorPS.hlsl">
      <Filter>Source Files\shaders</Filter>
    </FxCompile>
    <FxCompile Include="shaders\colorVS.hlsl">
      <Filter>Source Files\shaders</Filter>
    </FxCompile>
    <FxCompile Include="shaders\multiTexturePixel.hlsl">
      <Filter>Source Files\shaders</Filter>
    </FxCompile>
    <FxCompile Include="shaders\multiTextureVertex.hlsl">
      <Filter>Source Files\shaders</Filter>
    </FxCompile>
    <FxCompile Include="shaders\specularLightPixel.hlsl">
      <Filter>Source Files\shaders</Filter>
    </FxCompile>
    <FxCompile Include="shaders\specularLightVertex.hlsl">
      <Filter>Source Files\shaders</Filter>
    </FxCompile>
    <FxCompile Include="shaders\alphaMapPixel.hlsl">
      <Filter>Source Files\shaders</Filter>
    </FxCompile>
    <FxCompile Include="shaders\bumpMapPixel.hlsl">
      <Filter>Source Files\shaders</Filter>
    </FxCompile>
    <FxCompile Include="shaders\bumpMapVertex.hlsl">
      <Filter>Source Files\shaders</Filter>
    </FxCompile>
    <FxCompile Include="shaders\lightMapPixel.hlsl">
      <Filter>Source Files\shaders</Filter>
    </FxCompile>
    <FxCompile Include="shaders\lightMapVertex.hlsl">
      <Filter>Source Files\shaders</Filter>
    </FxCompile>
    <FxCompile Include="shaders\skyDomePixel.hlsl">
      <Filter>Source Files\shaders</Filter>
    </FxCompile>
    <FxCompile Include="shaders\skyDomeVertex.hlsl">
      <Filter>Source Files\shaders</Filter>
    </FxCompile>
    <FxCompile Include="shaders\terrainPixel.hlsl">
      <Filter>Source Files\shaders</Filter>
    </FxCompile>
    <FxCompile Include="shaders\terrainVertex.hlsl">
      <Filter>Source Files\shaders</Filter>
    </FxCompile>
    <FxCompile Include="shaders\depthPixel.hlsl" />
    <FxCompile Include="shaders\skyPlaneVertex.hlsl" />
    <FxCompile Include="shaders\skyPlanePixel.hlsl" />
    <FxCompile Include="shaders\reflectionVS.hlsl" />
    <FxCompile Include="shaders\reflectionPS.hlsl" />
    <FxCompile Include="shaders\spritePS.hlsl" />
    <FxCompile Include="shaders\spriteVS.hlsl" />
    <FxCompile Include="shaders\LightHelper.hlsli" />
    <FxCompile Include="shaders\LightPS.hlsl" />
    <FxCompile Include="shaders\LightVS.hlsl" />
    <FxCompile Include="shaders\fontPS.hlsl">
      <Filter>Source Files\shaders</Filter>
    </FxCompile>
    <FxCompile Include="shaders\fontVS.hlsl">
      <Filter>Source Files\shaders</Filter>
    </FxCompile>
  </ItemGroup>
  <ItemGroup>
    <Text Include="data\models\square.txt">
      <Filter>Source Files\shaders</Filter>
    </Text>
    <Text Include="data\models\sprite_data_01.txt" />
    <Text Include="data\models\sprite_crosshair.txt" />
    <Text Include="shaders\_README_ABOUT_SHADERS.txt" />
    <Text Include="data\save.dat" />
  </ItemGroup>
</Project>