<?xml version="1.0" encoding="utf-8"?>
<Project ToolsVersion="4.0" xmlns="http://schemas.microsoft.com/developer/msbuild/2003">
  <ItemGroup>
    <Filter Include="Source Files">
      <UniqueIdentifier>{4FC737F1-C7A5-4376-A066-2A32D752A2FF}</UniqueIdentifier>
      <Extensions>cpp;c;cc;cxx;c++;cppm;ixx;def;odl;idl;hpj;bat;asm;asmx</Extensions>
    </Filter>
    <Filter Include="Header Files">
      <UniqueIdentifier>{93995380-89BD-4b04-88EB-625FBE52EBFB}</UniqueIdentifier>
      <Extensions>h;hh;hpp;hxx;h++;hm;inl;inc;ipp;xsd</Extensions>
    </Filter>
    <Filter Include="Resource Files">
      <UniqueIdentifier>{67DA6AB6-F800-4c08-8B7A-83BB121AAD01}</UniqueIdentifier>
      <Extensions>rc;ico;cur;bmp;dlg;rc2;rct;bin;rgs;gif;jpg;jpeg;jpe;resx;tiff;tif;png;wav;mfcribbon-ms</Extensions>
    </Filter>
  </ItemGroup>
  <ItemGroup>
    <ClInclude Include="ECS_Components\MeshComponent.h">
      <Filter>Header Files</Filter>
    </ClInclude>
    <ClInclude Include="ECS_Components\Movement.h">
      <Filter>Header Files</Filter>
    </ClInclude>
    <ClInclude Include="ECS_Components\Rendered.h">
      <Filter>Header Files</Filter>
    </ClInclude>
    <ClInclude Include="ECS_Components\Transform.h">
      <Filter>Header Files</Filter>
    </ClInclude>
    <ClInclude Include="ECS_Components\WorldMatrix.h">
      <Filter>Header Files</Filter>
    </ClInclude>
    <ClInclude Include="ECS_Common\ECS_Types.h">
      <Filter>Header Files</Filter>
    </ClInclude>
    <ClInclude Include="ECS_Entity\EntityManager.h">
      <Filter>Header Files</Filter>
    </ClInclude>
    <ClInclude Include="ECS_System\Helpers\MoveSystemUpdateHelpers.h">
      <Filter>Header Files</Filter>
    </ClInclude>
    <ClInclude Include="ECS_System\MeshSystem.h">
      <Filter>Header Files</Filter>
    </ClInclude>
    <ClInclude Include="ECS_System\MoveSystem.h">
      <Filter>Header Files</Filter>
    </ClInclude>
    <ClInclude Include="ECS_System\RenderSystem.h">
      <Filter>Header Files</Filter>
    </ClInclude>
    <ClInclude Include="ECS_System\TransformSystem.h">
      <Filter>Header Files</Filter>
    </ClInclude>
    <ClInclude Include="ECS_Common\MathHelper.h">
      <Filter>Header Files</Filter>
    </ClInclude>
    <ClInclude Include="ECS_Common\StringHelper.h">
      <Filter>Header Files</Filter>
    </ClInclude>
    <ClInclude Include="ECS_Common\log.h">
      <Filter>Header Files</Filter>
    </ClInclude>
    <ClInclude Include="ECS_Common\LIB_Exception.h">
      <Filter>Header Files</Filter>
    </ClInclude>
    <ClInclude Include="ECS_Components\ComponentsUtils.h">
      <Filter>Header Files</Filter>
    </ClInclude>
    <ClInclude Include="ECS_Tests\Unit\ECS_Main_Unit_Test.h">
      <Filter>Header Files</Filter>
    </ClInclude>
    <ClInclude Include="ECS_Tests\Unit\ECS_Test_Components.h">
      <Filter>Header Files</Filter>
    </ClInclude>
    <ClInclude Include="ECS_Tests\Unit\UnitTestUtils.h">
      <Filter>Header Files</Filter>
    </ClInclude>
  </ItemGroup>
  <ItemGroup>
    <ClCompile Include="ECS_Entity\EntityManager.cpp">
      <Filter>Source Files</Filter>
    </ClCompile>
    <ClCompile Include="ECS_System\MeshSystem.cpp">
      <Filter>Source Files</Filter>
    </ClCompile>
    <ClCompile Include="ECS_System\MoveSystem.cpp">
      <Filter>Source Files</Filter>
    </ClCompile>
    <ClCompile Include="ECS_System\RenderSystem.cpp">
      <Filter>Source Files</Filter>
    </ClCompile>
    <ClCompile Include="ECS_System\TransformSystem.cpp">
      <Filter>Source Files</Filter>
    </ClCompile>
    <ClCompile Include="ECS_Common\MathHelper.cpp">
      <Filter>Source Files</Filter>
    </ClCompile>
    <ClCompile Include="ECS_Common\StringHelper.cpp">
      <Filter>Source Files</Filter>
    </ClCompile>
    <ClCompile Include="ECS_Common\log.cpp">
      <Filter>Source Files</Filter>
    </ClCompile>
    <ClCompile Include="ECS_Common\LIB_Exception.cpp">
      <Filter>Source Files</Filter>
    </ClCompile>
    <ClCompile Include="ECS_Common\Utils.h">
      <Filter>Source Files</Filter>
    </ClCompile>
    <ClCompile Include="ECS_Tests\Unit\ECS_Main_Unit_Test.cpp">
      <Filter>Source Files</Filter>
    </ClCompile>
    <ClCompile Include="ECS_Tests\Unit\ECS_Test_Components.cpp">
      <Filter>Source Files</Filter>
    </ClCompile>
  </ItemGroup>
</Project>